
Microsoft Visual Studio Solution File, Format Version 12.00
# Visual Studio Version 17
VisualStudioVersion = 17.5.33530.505
MinimumVisualStudioVersion = 10.0.40219.1
Project("{9A19103F-16F7-4668-BE54-9A1E7A4F7556}") = "Projekt_Team7", "Projekt_Team7\Projekt_Team7.csproj", "{CEF95C7D-6CAE-4E4B-A03F-264122DB7131}"
EndProject
Project("{FAE04EC0-301F-11D3-BF4B-00C04F79EFBC}") = "Test", "Test\Test.csproj", "{F7CE4871-5ABD-49CE-BCEA-738AB3C6E301}"
EndProject
Global
	GlobalSection(SolutionConfigurationPlatforms) = preSolution
		Debug|Any CPU = Debug|Any CPU
		Release|Any CPU = Release|Any CPU
	EndGlobalSection
	GlobalSection(ProjectConfigurationPlatforms) = postSolution
		{CEF95C7D-6CAE-4E4B-A03F-264122DB7131}.Debug|Any CPU.ActiveCfg = Debug|Any CPU
		{CEF95C7D-6CAE-4E4B-A03F-264122DB7131}.Debug|Any CPU.Build.0 = Debug|Any CPU
		{CEF95C7D-6CAE-4E4B-A03F-264122DB7131}.Release|Any CPU.ActiveCfg = Release|Any CPU
		{CEF95C7D-6CAE-4E4B-A03F-264122DB7131}.Release|Any CPU.Build.0 = Release|Any CPU
		{F7CE4871-5ABD-49CE-BCEA-738AB3C6E301}.Debug|Any CPU.ActiveCfg = Debug|Any CPU
		{F7CE4871-5ABD-49CE-BCEA-738AB3C6E301}.Debug|Any CPU.Build.0 = Debug|Any CPU
		{F7CE4871-5ABD-49CE-BCEA-738AB3C6E301}.Release|Any CPU.ActiveCfg = Release|Any CPU
		{F7CE4871-5ABD-49CE-BCEA-738AB3C6E301}.Release|Any CPU.Build.0 = Release|Any CPU
	EndGlobalSection
	GlobalSection(SolutionProperties) = preSolution
		HideSolutionNode = FALSE
	EndGlobalSection
	GlobalSection(ExtensibilityGlobals) = postSolution
		SolutionGuid = {C1E292E1-6F2D-4F78-A464-7035FFB60C03}
	EndGlobalSection
EndGlobal
